
Microsoft Visual Studio Solution File, Format Version 12.00
# Visual Studio Version 17
VisualStudioVersion = 17.5.33424.131
MinimumVisualStudioVersion = 10.0.40219.1
Project("{FAE04EC0-301F-11D3-BF4B-00C04F79EFBC}") = "Blazor.WebUI", "Blazor.WebUI\Blazor.WebUI.csproj", "{DA7CBBE6-BAA0-461C-B1FA-812DB2984F3F}"
EndProject
Project("{FAE04EC0-301F-11D3-BF4B-00C04F79EFBC}") = "Blazor.Server", "Blazor.Server\Blazor.Server.csproj", "{559DBFA6-6ABB-4265-94CF-2FEA94849548}"
EndProject
Project("{FAE04EC0-301F-11D3-BF4B-00C04F79EFBC}") = "Blazor.Shared", "Blazor.Shared\Blazor.Shared.csproj", "{C84E64E8-DE01-4957-8AD2-4C6771CC45A7}"
EndProject
Global
	GlobalSection(SolutionConfigurationPlatforms) = preSolution
		Debug|Any CPU = Debug|Any CPU
		Release|Any CPU = Release|Any CPU
	EndGlobalSection
	GlobalSection(ProjectConfigurationPlatforms) = postSolution
		{DA7CBBE6-BAA0-461C-B1FA-812DB2984F3F}.Debug|Any CPU.ActiveCfg = Debug|Any CPU
		{DA7CBBE6-BAA0-461C-B1FA-812DB2984F3F}.Debug|Any CPU.Build.0 = Debug|Any CPU
		{DA7CBBE6-BAA0-461C-B1FA-812DB2984F3F}.Release|Any CPU.ActiveCfg = Release|Any CPU
		{DA7CBBE6-BAA0-461C-B1FA-812DB2984F3F}.Release|Any CPU.Build.0 = Release|Any CPU
		{559DBFA6-6ABB-4265-94CF-2FEA94849548}.Debug|Any CPU.ActiveCfg = Debug|Any CPU
		{559DBFA6-6ABB-4265-94CF-2FEA94849548}.Debug|Any CPU.Build.0 = Debug|Any CPU
		{559DBFA6-6ABB-4265-94CF-2FEA94849548}.Release|Any CPU.ActiveCfg = Release|Any CPU
		{559DBFA6-6ABB-4265-94CF-2FEA94849548}.Release|Any CPU.Build.0 = Release|Any CPU
		{C84E64E8-DE01-4957-8AD2-4C6771CC45A7}.Debug|Any CPU.ActiveCfg = Debug|Any CPU
		{C84E64E8-DE01-4957-8AD2-4C6771CC45A7}.Debug|Any CPU.Build.0 = Debug|Any CPU
		{C84E64E8-DE01-4957-8AD2-4C6771CC45A7}.Release|Any CPU.ActiveCfg = Release|Any CPU
		{C84E64E8-DE01-4957-8AD2-4C6771CC45A7}.Release|Any CPU.Build.0 = Release|Any CPU
	EndGlobalSection
	GlobalSection(SolutionProperties) = preSolution
		HideSolutionNode = FALSE
	EndGlobalSection
	GlobalSection(ExtensibilityGlobals) = postSolution
		SolutionGuid = {77D15727-A1CC-42A8-AF27-B0D7C1B3F06D}
	EndGlobalSection
EndGlobal
